// !$*UTF8*$!
{
	archiveVersion = 1;
	classes = {
	};
	objectVersion = 46;
	objects = {

/* Begin PBXBuildFile section */
		1BFA0598FB17E4C3F981C5E0 /* Pods_Flix.framework in Frameworks */ = {isa = PBXBuildFile; fileRef = 7007E0EBC77634211FBC8D7B /* Pods_Flix.framework */; };
		813851F81EFB1391005A26C8 /* AppDelegate.swift in Sources */ = {isa = PBXBuildFile; fileRef = 813851F71EFB1391005A26C8 /* AppDelegate.swift */; };
		813851FD1EFB1391005A26C8 /* Main.storyboard in Resources */ = {isa = PBXBuildFile; fileRef = 813851FB1EFB1391005A26C8 /* Main.storyboard */; };
		813851FF1EFB1391005A26C8 /* Assets.xcassets in Resources */ = {isa = PBXBuildFile; fileRef = 813851FE1EFB1391005A26C8 /* Assets.xcassets */; };
		813852021EFB1391005A26C8 /* LaunchScreen.storyboard in Resources */ = {isa = PBXBuildFile; fileRef = 813852001EFB1391005A26C8 /* LaunchScreen.storyboard */; };
		8138520D1EFB1391005A26C8 /* FlixTests.swift in Sources */ = {isa = PBXBuildFile; fileRef = 8138520C1EFB1391005A26C8 /* FlixTests.swift */; };
		813852181EFB1391005A26C8 /* FlixUITests.swift in Sources */ = {isa = PBXBuildFile; fileRef = 813852171EFB1391005A26C8 /* FlixUITests.swift */; };
		813852261EFB1D40005A26C8 /* NowPlayingViewController.swift in Sources */ = {isa = PBXBuildFile; fileRef = 813852251EFB1D40005A26C8 /* NowPlayingViewController.swift */; };
		813852281EFB2991005A26C8 /* MovieCell.swift in Sources */ = {isa = PBXBuildFile; fileRef = 813852271EFB2991005A26C8 /* MovieCell.swift */; };
		ED39A466F44BCB62276F1BCF /* Pods_FlixTests.framework in Frameworks */ = {isa = PBXBuildFile; fileRef = 24034C386017810A63204F86 /* Pods_FlixTests.framework */; };
		F243566E66AA41FFC821B1C2 /* Pods_FlixUITests.framework in Frameworks */ = {isa = PBXBuildFile; fileRef = 39079F491E8ECCECCA8D8FAC /* Pods_FlixUITests.framework */; };
/* End PBXBuildFile section */

/* Begin PBXContainerItemProxy section */
		813852091EFB1391005A26C8 /* PBXContainerItemProxy */ = {
			isa = PBXContainerItemProxy;
			containerPortal = 813851EC1EFB1391005A26C8 /* Project object */;
			proxyType = 1;
			remoteGlobalIDString = 813851F31EFB1391005A26C8;
			remoteInfo = Flix;
		};
		813852141EFB1391005A26C8 /* PBXContainerItemProxy */ = {
			isa = PBXContainerItemProxy;
			containerPortal = 813851EC1EFB1391005A26C8 /* Project object */;
			proxyType = 1;
			remoteGlobalIDString = 813851F31EFB1391005A26C8;
			remoteInfo = Flix;
		};
/* End PBXContainerItemProxy section */

/* Begin PBXFileReference section */
		24034C386017810A63204F86 /* Pods_FlixTests.framework */ = {isa = PBXFileReference; explicitFileType = wrapper.framework; includeInIndex = 0; path = Pods_FlixTests.framework; sourceTree = BUILT_PRODUCTS_DIR; };
		39079F491E8ECCECCA8D8FAC /* Pods_FlixUITests.framework */ = {isa = PBXFileReference; explicitFileType = wrapper.framework; includeInIndex = 0; path = Pods_FlixUITests.framework; sourceTree = BUILT_PRODUCTS_DIR; };
		42CB1FC63EC0FB41B7E5274A /* Pods-FlixUITests.debug.xcconfig */ = {isa = PBXFileReference; includeInIndex = 1; lastKnownFileType = text.xcconfig; name = "Pods-FlixUITests.debug.xcconfig"; path = "Pods/Target Support Files/Pods-FlixUITests/Pods-FlixUITests.debug.xcconfig"; sourceTree = "<group>"; };
		6B886BFBFA01EB227182F0AE /* Pods-FlixTests.release.xcconfig */ = {isa = PBXFileReference; includeInIndex = 1; lastKnownFileType = text.xcconfig; name = "Pods-FlixTests.release.xcconfig"; path = "Pods/Target Support Files/Pods-FlixTests/Pods-FlixTests.release.xcconfig"; sourceTree = "<group>"; };
		7007E0EBC77634211FBC8D7B /* Pods_Flix.framework */ = {isa = PBXFileReference; explicitFileType = wrapper.framework; includeInIndex = 0; path = Pods_Flix.framework; sourceTree = BUILT_PRODUCTS_DIR; };
		7B0B73B64E8EC6CB70D74371 /* Pods-Flix.debug.xcconfig */ = {isa = PBXFileReference; includeInIndex = 1; lastKnownFileType = text.xcconfig; name = "Pods-Flix.debug.xcconfig"; path = "Pods/Target Support Files/Pods-Flix/Pods-Flix.debug.xcconfig"; sourceTree = "<group>"; };
		813851F41EFB1391005A26C8 /* Flix.app */ = {isa = PBXFileReference; explicitFileType = wrapper.application; includeInIndex = 0; path = Flix.app; sourceTree = BUILT_PRODUCTS_DIR; };
		813851F71EFB1391005A26C8 /* AppDelegate.swift */ = {isa = PBXFileReference; lastKnownFileType = sourcecode.swift; path = AppDelegate.swift; sourceTree = "<group>"; };
		813851FC1EFB1391005A26C8 /* Base */ = {isa = PBXFileReference; lastKnownFileType = file.storyboard; name = Base; path = Base.lproj/Main.storyboard; sourceTree = "<group>"; };
		813851FE1EFB1391005A26C8 /* Assets.xcassets */ = {isa = PBXFileReference; lastKnownFileType = folder.assetcatalog; path = Assets.xcassets; sourceTree = "<group>"; };
		813852011EFB1391005A26C8 /* Base */ = {isa = PBXFileReference; lastKnownFileType = file.storyboard; name = Base; path = Base.lproj/LaunchScreen.storyboard; sourceTree = "<group>"; };
		813852031EFB1391005A26C8 /* Info.plist */ = {isa = PBXFileReference; lastKnownFileType = text.plist.xml; path = Info.plist; sourceTree = "<group>"; };
		813852081EFB1391005A26C8 /* FlixTests.xctest */ = {isa = PBXFileReference; explicitFileType = wrapper.cfbundle; includeInIndex = 0; path = FlixTests.xctest; sourceTree = BUILT_PRODUCTS_DIR; };
		8138520C1EFB1391005A26C8 /* FlixTests.swift */ = {isa = PBXFileReference; lastKnownFileType = sourcecode.swift; path = FlixTests.swift; sourceTree = "<group>"; };
		8138520E1EFB1391005A26C8 /* Info.plist */ = {isa = PBXFileReference; lastKnownFileType = text.plist.xml; path = Info.plist; sourceTree = "<group>"; };
		813852131EFB1391005A26C8 /* FlixUITests.xctest */ = {isa = PBXFileReference; explicitFileType = wrapper.cfbundle; includeInIndex = 0; path = FlixUITests.xctest; sourceTree = BUILT_PRODUCTS_DIR; };
		813852171EFB1391005A26C8 /* FlixUITests.swift */ = {isa = PBXFileReference; lastKnownFileType = sourcecode.swift; path = FlixUITests.swift; sourceTree = "<group>"; };
		813852191EFB1391005A26C8 /* Info.plist */ = {isa = PBXFileReference; lastKnownFileType = text.plist.xml; path = Info.plist; sourceTree = "<group>"; };
		813852251EFB1D40005A26C8 /* NowPlayingViewController.swift */ = {isa = PBXFileReference; fileEncoding = 4; lastKnownFileType = sourcecode.swift; path = NowPlayingViewController.swift; sourceTree = "<group>"; };
		813852271EFB2991005A26C8 /* MovieCell.swift */ = {isa = PBXFileReference; fileEncoding = 4; lastKnownFileType = sourcecode.swift; path = MovieCell.swift; sourceTree = "<group>"; };
		BAD8140DA5440BDDA7B2DEC1 /* Pods-FlixTests.debug.xcconfig */ = {isa = PBXFileReference; includeInIndex = 1; lastKnownFileType = text.xcconfig; name = "Pods-FlixTests.debug.xcconfig"; path = "Pods/Target Support Files/Pods-FlixTests/Pods-FlixTests.debug.xcconfig"; sourceTree = "<group>"; };
		E170DF358C4E54E45341992A /* Pods-Flix.release.xcconfig */ = {isa = PBXFileReference; includeInIndex = 1; lastKnownFileType = text.xcconfig; name = "Pods-Flix.release.xcconfig"; path = "Pods/Target Support Files/Pods-Flix/Pods-Flix.release.xcconfig"; sourceTree = "<group>"; };
		F2B81B70F0DA51FE2F386045 /* Pods-FlixUITests.release.xcconfig */ = {isa = PBXFileReference; includeInIndex = 1; lastKnownFileType = text.xcconfig; name = "Pods-FlixUITests.release.xcconfig"; path = "Pods/Target Support Files/Pods-FlixUITests/Pods-FlixUITests.release.xcconfig"; sourceTree = "<group>"; };
/* End PBXFileReference section */

/* Begin PBXFrameworksBuildPhase section */
		813851F11EFB1391005A26C8 /* Frameworks */ = {
			isa = PBXFrameworksBuildPhase;
			buildActionMask = 2147483647;
			files = (
				1BFA0598FB17E4C3F981C5E0 /* Pods_Flix.framework in Frameworks */,
			);
			runOnlyForDeploymentPostprocessing = 0;
		};
		813852051EFB1391005A26C8 /* Frameworks */ = {
			isa = PBXFrameworksBuildPhase;
			buildActionMask = 2147483647;
			files = (
				ED39A466F44BCB62276F1BCF /* Pods_FlixTests.framework in Frameworks */,
			);
			runOnlyForDeploymentPostprocessing = 0;
		};
		813852101EFB1391005A26C8 /* Frameworks */ = {
			isa = PBXFrameworksBuildPhase;
			buildActionMask = 2147483647;
			files = (
				F243566E66AA41FFC821B1C2 /* Pods_FlixUITests.framework in Frameworks */,
			);
			runOnlyForDeploymentPostprocessing = 0;
		};
/* End PBXFrameworksBuildPhase section */

/* Begin PBXGroup section */
		087D9D046EC09B2869FAD304 /* Pods */ = {
			isa = PBXGroup;
			children = (
				7B0B73B64E8EC6CB70D74371 /* Pods-Flix.debug.xcconfig */,
				E170DF358C4E54E45341992A /* Pods-Flix.release.xcconfig */,
				BAD8140DA5440BDDA7B2DEC1 /* Pods-FlixTests.debug.xcconfig */,
				6B886BFBFA01EB227182F0AE /* Pods-FlixTests.release.xcconfig */,
				42CB1FC63EC0FB41B7E5274A /* Pods-FlixUITests.debug.xcconfig */,
				F2B81B70F0DA51FE2F386045 /* Pods-FlixUITests.release.xcconfig */,
			);
			name = Pods;
			sourceTree = "<group>";
		};
		2116654EEEB711AF597050F7 /* Frameworks */ = {
			isa = PBXGroup;
			children = (
				7007E0EBC77634211FBC8D7B /* Pods_Flix.framework */,
				24034C386017810A63204F86 /* Pods_FlixTests.framework */,
				39079F491E8ECCECCA8D8FAC /* Pods_FlixUITests.framework */,
			);
			name = Frameworks;
			sourceTree = "<group>";
		};
		813851EB1EFB1391005A26C8 = {
			isa = PBXGroup;
			children = (
				813851F61EFB1391005A26C8 /* Flix */,
				8138520B1EFB1391005A26C8 /* FlixTests */,
				813852161EFB1391005A26C8 /* FlixUITests */,
				813851F51EFB1391005A26C8 /* Products */,
				087D9D046EC09B2869FAD304 /* Pods */,
				2116654EEEB711AF597050F7 /* Frameworks */,
			);
			sourceTree = "<group>";
		};
		813851F51EFB1391005A26C8 /* Products */ = {
			isa = PBXGroup;
			children = (
				813851F41EFB1391005A26C8 /* Flix.app */,
				813852081EFB1391005A26C8 /* FlixTests.xctest */,
				813852131EFB1391005A26C8 /* FlixUITests.xctest */,
			);
			name = Products;
			sourceTree = "<group>";
		};
		813851F61EFB1391005A26C8 /* Flix */ = {
			isa = PBXGroup;
			children = (
				813852251EFB1D40005A26C8 /* NowPlayingViewController.swift */,
				813851F71EFB1391005A26C8 /* AppDelegate.swift */,
				813851FB1EFB1391005A26C8 /* Main.storyboard */,
				813851FE1EFB1391005A26C8 /* Assets.xcassets */,
				813852001EFB1391005A26C8 /* LaunchScreen.storyboard */,
				813852031EFB1391005A26C8 /* Info.plist */,
				813852271EFB2991005A26C8 /* MovieCell.swift */,
			);
			path = Flix;
			sourceTree = "<group>";
		};
		8138520B1EFB1391005A26C8 /* FlixTests */ = {
			isa = PBXGroup;
			children = (
				8138520C1EFB1391005A26C8 /* FlixTests.swift */,
				8138520E1EFB1391005A26C8 /* Info.plist */,
			);
			path = FlixTests;
			sourceTree = "<group>";
		};
		813852161EFB1391005A26C8 /* FlixUITests */ = {
			isa = PBXGroup;
			children = (
				813852171EFB1391005A26C8 /* FlixUITests.swift */,
				813852191EFB1391005A26C8 /* Info.plist */,
			);
			path = FlixUITests;
			sourceTree = "<group>";
		};
/* End PBXGroup section */

/* Begin PBXNativeTarget section */
		813851F31EFB1391005A26C8 /* Flix */ = {
			isa = PBXNativeTarget;
			buildConfigurationList = 8138521C1EFB1391005A26C8 /* Build configuration list for PBXNativeTarget "Flix" */;
			buildPhases = (
				8EC841600675EB8FC6B7032F /* [CP] Check Pods Manifest.lock */,
				813851F01EFB1391005A26C8 /* Sources */,
				813851F11EFB1391005A26C8 /* Frameworks */,
				813851F21EFB1391005A26C8 /* Resources */,
				1E4424DEF66AA9B460700022 /* [CP] Embed Pods Frameworks */,
				B15EC3091587134FD3E7850E /* [CP] Copy Pods Resources */,
			);
			buildRules = (
			);
			dependencies = (
			);
			name = Flix;
			productName = Flix;
			productReference = 813851F41EFB1391005A26C8 /* Flix.app */;
			productType = "com.apple.product-type.application";
		};
		813852071EFB1391005A26C8 /* FlixTests */ = {
			isa = PBXNativeTarget;
			buildConfigurationList = 8138521F1EFB1391005A26C8 /* Build configuration list for PBXNativeTarget "FlixTests" */;
			buildPhases = (
				4D5512E15475ED5DA4E8BCCC /* [CP] Check Pods Manifest.lock */,
				813852041EFB1391005A26C8 /* Sources */,
				813852051EFB1391005A26C8 /* Frameworks */,
				813852061EFB1391005A26C8 /* Resources */,
				D5C804DC662EB50795936C68 /* [CP] Embed Pods Frameworks */,
				6CB6E0DA71B6EDC2E454BE82 /* [CP] Copy Pods Resources */,
			);
			buildRules = (
			);
			dependencies = (
				8138520A1EFB1391005A26C8 /* PBXTargetDependency */,
			);
			name = FlixTests;
			productName = FlixTests;
			productReference = 813852081EFB1391005A26C8 /* FlixTests.xctest */;
			productType = "com.apple.product-type.bundle.unit-test";
		};
		813852121EFB1391005A26C8 /* FlixUITests */ = {
			isa = PBXNativeTarget;
			buildConfigurationList = 813852221EFB1391005A26C8 /* Build configuration list for PBXNativeTarget "FlixUITests" */;
			buildPhases = (
				3F18A4FACDCA19A30C487708 /* [CP] Check Pods Manifest.lock */,
				8138520F1EFB1391005A26C8 /* Sources */,
				813852101EFB1391005A26C8 /* Frameworks */,
				813852111EFB1391005A26C8 /* Resources */,
				F7D438FF37B5E1327018465D /* [CP] Embed Pods Frameworks */,
				EBE30E63746A878DF7CF047E /* [CP] Copy Pods Resources */,
			);
			buildRules = (
			);
			dependencies = (
				813852151EFB1391005A26C8 /* PBXTargetDependency */,
			);
			name = FlixUITests;
			productName = FlixUITests;
			productReference = 813852131EFB1391005A26C8 /* FlixUITests.xctest */;
			productType = "com.apple.product-type.bundle.ui-testing";
		};
/* End PBXNativeTarget section */

/* Begin PBXProject section */
		813851EC1EFB1391005A26C8 /* Project object */ = {
			isa = PBXProject;
			attributes = {
				LastSwiftUpdateCheck = 0830;
				LastUpgradeCheck = 0830;
				ORGANIZATIONNAME = "Audrey Jones";
				TargetAttributes = {
					813851F31EFB1391005A26C8 = {
						CreatedOnToolsVersion = 8.3.2;
						ProvisioningStyle = Automatic;
					};
					813852071EFB1391005A26C8 = {
						CreatedOnToolsVersion = 8.3.2;
						ProvisioningStyle = Automatic;
						TestTargetID = 813851F31EFB1391005A26C8;
					};
					813852121EFB1391005A26C8 = {
						CreatedOnToolsVersion = 8.3.2;
						ProvisioningStyle = Automatic;
						TestTargetID = 813851F31EFB1391005A26C8;
					};
				};
			};
			buildConfigurationList = 813851EF1EFB1391005A26C8 /* Build configuration list for PBXProject "Flix" */;
			compatibilityVersion = "Xcode 3.2";
			developmentRegion = English;
			hasScannedForEncodings = 0;
			knownRegions = (
				en,
				Base,
			);
			mainGroup = 813851EB1EFB1391005A26C8;
			productRefGroup = 813851F51EFB1391005A26C8 /* Products */;
			projectDirPath = "";
			projectRoot = "";
			targets = (
				813851F31EFB1391005A26C8 /* Flix */,
				813852071EFB1391005A26C8 /* FlixTests */,
				813852121EFB1391005A26C8 /* FlixUITests */,
			);
		};
/* End PBXProject section */

/* Begin PBXResourcesBuildPhase section */
		813851F21EFB1391005A26C8 /* Resources */ = {
			isa = PBXResourcesBuildPhase;
			buildActionMask = 2147483647;
			files = (
				813852021EFB1391005A26C8 /* LaunchScreen.storyboard in Resources */,
				813851FF1EFB1391005A26C8 /* Assets.xcassets in Resources */,
				813851FD1EFB1391005A26C8 /* Main.storyboard in Resources */,
			);
			runOnlyForDeploymentPostprocessing = 0;
		};
		813852061EFB1391005A26C8 /* Resources */ = {
			isa = PBXResourcesBuildPhase;
			buildActionMask = 2147483647;
			files = (
			);
			runOnlyForDeploymentPostprocessing = 0;
		};
		813852111EFB1391005A26C8 /* Resources */ = {
			isa = PBXResourcesBuildPhase;
			buildActionMask = 2147483647;
			files = (
			);
			runOnlyForDeploymentPostprocessing = 0;
		};
/* End PBXResourcesBuildPhase section */

/* Begin PBXShellScriptBuildPhase section */
		1E4424DEF66AA9B460700022 /* [CP] Embed Pods Frameworks */ = {
			isa = PBXShellScriptBuildPhase;
			buildActionMask = 2147483647;
			files = (
			);
			inputPaths = (
			);
			name = "[CP] Embed Pods Frameworks";
			outputPaths = (
			);
			runOnlyForDeploymentPostprocessing = 0;
			shellPath = /bin/sh;
			shellScript = "\"${SRCROOT}/Pods/Target Support Files/Pods-Flix/Pods-Flix-frameworks.sh\"\n";
			showEnvVarsInLog = 0;
		};
		3F18A4FACDCA19A30C487708 /* [CP] Check Pods Manifest.lock */ = {
			isa = PBXShellScriptBuildPhase;
			buildActionMask = 2147483647;
			files = (
			);
			inputPaths = (
			);
			name = "[CP] Check Pods Manifest.lock";
			outputPaths = (
			);
			runOnlyForDeploymentPostprocessing = 0;
			shellPath = /bin/sh;
			shellScript = "diff \"${PODS_PODFILE_DIR_PATH}/Podfile.lock\" \"${PODS_ROOT}/Manifest.lock\" > /dev/null\nif [ $? != 0 ] ; then\n    # print error to STDERR\n    echo \"error: The sandbox is not in sync with the Podfile.lock. Run 'pod install' or update your CocoaPods installation.\" >&2\n    exit 1\nfi\n";
			showEnvVarsInLog = 0;
		};
		4D5512E15475ED5DA4E8BCCC /* [CP] Check Pods Manifest.lock */ = {
			isa = PBXShellScriptBuildPhase;
			buildActionMask = 2147483647;
			files = (
			);
			inputPaths = (
			);
			name = "[CP] Check Pods Manifest.lock";
			outputPaths = (
			);
			runOnlyForDeploymentPostprocessing = 0;
			shellPath = /bin/sh;
			shellScript = "diff \"${PODS_PODFILE_DIR_PATH}/Podfile.lock\" \"${PODS_ROOT}/Manifest.lock\" > /dev/null\nif [ $? != 0 ] ; then\n    # print error to STDERR\n    echo \"error: The sandbox is not in sync with the Podfile.lock. Run 'pod install' or update your CocoaPods installation.\" >&2\n    exit 1\nfi\n";
			showEnvVarsInLog = 0;
		};
		6CB6E0DA71B6EDC2E454BE82 /* [CP] Copy Pods Resources */ = {
			isa = PBXShellScriptBuildPhase;
			buildActionMask = 2147483647;
			files = (
			);
			inputPaths = (
			);
			name = "[CP] Copy Pods Resources";
			outputPaths = (
			);
			runOnlyForDeploymentPostprocessing = 0;
			shellPath = /bin/sh;
			shellScript = "\"${SRCROOT}/Pods/Target Support Files/Pods-FlixTests/Pods-FlixTests-resources.sh\"\n";
			showEnvVarsInLog = 0;
		};
		8EC841600675EB8FC6B7032F /* [CP] Check Pods Manifest.lock */ = {
			isa = PBXShellScriptBuildPhase;
			buildActionMask = 2147483647;
			files = (
			);
			inputPaths = (
			);
			name = "[CP] Check Pods Manifest.lock";
			outputPaths = (
			);
			runOnlyForDeploymentPostprocessing = 0;
			shellPath = /bin/sh;
			shellScript = "diff \"${PODS_PODFILE_DIR_PATH}/Podfile.lock\" \"${PODS_ROOT}/Manifest.lock\" > /dev/null\nif [ $? != 0 ] ; then\n    # print error to STDERR\n    echo \"error: The sandbox is not in sync with the Podfile.lock. Run 'pod install' or update your CocoaPods installation.\" >&2\n    exit 1\nfi\n";
			showEnvVarsInLog = 0;
		};
		B15EC3091587134FD3E7850E /* [CP] Copy Pods Resources */ = {
			isa = PBXShellScriptBuildPhase;
			buildActionMask = 2147483647;
			files = (
			);
			inputPaths = (
			);
			name = "[CP] Copy Pods Resources";
			outputPaths = (
			);
			runOnlyForDeploymentPostprocessing = 0;
			shellPath = /bin/sh;
			shellScript = "\"${SRCROOT}/Pods/Target Support Files/Pods-Flix/Pods-Flix-resources.sh\"\n";
			showEnvVarsInLog = 0;
		};
		D5C804DC662EB50795936C68 /* [CP] Embed Pods Frameworks */ = {
			isa = PBXShellScriptBuildPhase;
			buildActionMask = 2147483647;
			files = (
			);
			inputPaths = (
			);
			name = "[CP] Embed Pods Frameworks";
			outputPaths = (
			);
			runOnlyForDeploymentPostprocessing = 0;
			shellPath = /bin/sh;
			shellScript = "\"${SRCROOT}/Pods/Target Support Files/Pods-FlixTests/Pods-FlixTests-frameworks.sh\"\n";
			showEnvVarsInLog = 0;
		};
		EBE30E63746A878DF7CF047E /* [CP] Copy Pods Resources */ = {
			isa = PBXShellScriptBuildPhase;
			buildActionMask = 2147483647;
			files = (
			);
			inputPaths = (
			);
			name = "[CP] Copy Pods Resources";
			outputPaths = (
			);
			runOnlyForDeploymentPostprocessing = 0;
			shellPath = /bin/sh;
			shellScript = "\"${SRCROOT}/Pods/Target Support Files/Pods-FlixUITests/Pods-FlixUITests-resources.sh\"\n";
			showEnvVarsInLog = 0;
		};
		F7D438FF37B5E1327018465D /* [CP] Embed Pods Frameworks */ = {
			isa = PBXShellScriptBuildPhase;
			buildActionMask = 2147483647;
			files = (
			);
			inputPaths = (
			);
			name = "[CP] Embed Pods Frameworks";
			outputPaths = (
			);
			runOnlyForDeploymentPostprocessing = 0;
			shellPath = /bin/sh;
			shellScript = "\"${SRCROOT}/Pods/Target Support Files/Pods-FlixUITests/Pods-FlixUITests-frameworks.sh\"\n";
			showEnvVarsInLog = 0;
		};
/* End PBXShellScriptBuildPhase section */

/* Begin PBXSourcesBuildPhase section */
		813851F01EFB1391005A26C8 /* Sources */ = {
			isa = PBXSourcesBuildPhase;
			buildActionMask = 2147483647;
			files = (
				813852261EFB1D40005A26C8 /* NowPlayingViewController.swift in Sources */,
				813851F81EFB1391005A26C8 /* AppDelegate.swift in Sources */,
				813852281EFB2991005A26C8 /* MovieCell.swift in Sources */,
			);
			runOnlyForDeploymentPostprocessing = 0;
		};
		813852041EFB1391005A26C8 /* Sources */ = {
			isa = PBXSourcesBuildPhase;
			buildActionMask = 2147483647;
			files = (
				8138520D1EFB1391005A26C8 /* FlixTests.swift in Sources */,
			);
			runOnlyForDeploymentPostprocessing = 0;
		};
		8138520F1EFB1391005A26C8 /* Sources */ = {
			isa = PBXSourcesBuildPhase;
			buildActionMask = 2147483647;
			files = (
				813852181EFB1391005A26C8 /* FlixUITests.swift in Sources */,
			);
			runOnlyForDeploymentPostprocessing = 0;
		};
/* End PBXSourcesBuildPhase section */

/* Begin PBXTargetDependency section */
		8138520A1EFB1391005A26C8 /* PBXTargetDependency */ = {
			isa = PBXTargetDependency;
			target = 813851F31EFB1391005A26C8 /* Flix */;
			targetProxy = 813852091EFB1391005A26C8 /* PBXContainerItemProxy */;
		};
		813852151EFB1391005A26C8 /* PBXTargetDependency */ = {
			isa = PBXTargetDependency;
			target = 813851F31EFB1391005A26C8 /* Flix */;
			targetProxy = 813852141EFB1391005A26C8 /* PBXContainerItemProxy */;
		};
/* End PBXTargetDependency section */

/* Begin PBXVariantGroup section */
		813851FB1EFB1391005A26C8 /* Main.storyboard */ = {
			isa = PBXVariantGroup;
			children = (
				813851FC1EFB1391005A26C8 /* Base */,
			);
			name = Main.storyboard;
			sourceTree = "<group>";
		};
		813852001EFB1391005A26C8 /* LaunchScreen.storyboard */ = {
			isa = PBXVariantGroup;
			children = (
				813852011EFB1391005A26C8 /* Base */,
			);
			name = LaunchScreen.storyboard;
			sourceTree = "<group>";
		};
/* End PBXVariantGroup section */

/* Begin XCBuildConfiguration section */
		8138521A1EFB1391005A26C8 /* Debug */ = {
			isa = XCBuildConfiguration;
			buildSettings = {
				ALWAYS_SEARCH_USER_PATHS = NO;
				CLANG_ANALYZER_NONNULL = YES;
				CLANG_ANALYZER_NUMBER_OBJECT_CONVERSION = YES_AGGRESSIVE;
				CLANG_CXX_LANGUAGE_STANDARD = "gnu++0x";
				CLANG_CXX_LIBRARY = "libc++";
				CLANG_ENABLE_MODULES = YES;
				CLANG_ENABLE_OBJC_ARC = YES;
				CLANG_WARN_BOOL_CONVERSION = YES;
				CLANG_WARN_CONSTANT_CONVERSION = YES;
				CLANG_WARN_DIRECT_OBJC_ISA_USAGE = YES_ERROR;
				CLANG_WARN_DOCUMENTATION_COMMENTS = YES;
				CLANG_WARN_EMPTY_BODY = YES;
				CLANG_WARN_ENUM_CONVERSION = YES;
				CLANG_WARN_INFINITE_RECURSION = YES;
				CLANG_WARN_INT_CONVERSION = YES;
				CLANG_WARN_OBJC_ROOT_CLASS = YES_ERROR;
				CLANG_WARN_SUSPICIOUS_MOVE = YES;
				CLANG_WARN_UNREACHABLE_CODE = YES;
				CLANG_WARN__DUPLICATE_METHOD_MATCH = YES;
				"CODE_SIGN_IDENTITY[sdk=iphoneos*]" = "iPhone Developer";
				COPY_PHASE_STRIP = NO;
				DEBUG_INFORMATION_FORMAT = dwarf;
				ENABLE_STRICT_OBJC_MSGSEND = YES;
				ENABLE_TESTABILITY = YES;
				GCC_C_LANGUAGE_STANDARD = gnu99;
				GCC_DYNAMIC_NO_PIC = NO;
				GCC_NO_COMMON_BLOCKS = YES;
				GCC_OPTIMIZATION_LEVEL = 0;
				GCC_PREPROCESSOR_DEFINITIONS = (
					"DEBUG=1",
					"$(inherited)",
				);
				GCC_WARN_64_TO_32_BIT_CONVERSION = YES;
				GCC_WARN_ABOUT_RETURN_TYPE = YES_ERROR;
				GCC_WARN_UNDECLARED_SELECTOR = YES;
				GCC_WARN_UNINITIALIZED_AUTOS = YES_AGGRESSIVE;
				GCC_WARN_UNUSED_FUNCTION = YES;
				GCC_WARN_UNUSED_VARIABLE = YES;
				IPHONEOS_DEPLOYMENT_TARGET = 10.3;
				MTL_ENABLE_DEBUG_INFO = YES;
				ONLY_ACTIVE_ARCH = YES;
				SDKROOT = iphoneos;
				SWIFT_ACTIVE_COMPILATION_CONDITIONS = DEBUG;
				SWIFT_OPTIMIZATION_LEVEL = "-Onone";
			};
			name = Debug;
		};
		8138521B1EFB1391005A26C8 /* Release */ = {
			isa = XCBuildConfiguration;
			buildSettings = {
				ALWAYS_SEARCH_USER_PATHS = NO;
				CLANG_ANALYZER_NONNULL = YES;
				CLANG_ANALYZER_NUMBER_OBJECT_CONVERSION = YES_AGGRESSIVE;
				CLANG_CXX_LANGUAGE_STANDARD = "gnu++0x";
				CLANG_CXX_LIBRARY = "libc++";
				CLANG_ENABLE_MODULES = YES;
				CLANG_ENABLE_OBJC_ARC = YES;
				CLANG_WARN_BOOL_CONVERSION = YES;
				CLANG_WARN_CONSTANT_CONVERSION = YES;
				CLANG_WARN_DIRECT_OBJC_ISA_USAGE = YES_ERROR;
				CLANG_WARN_DOCUMENTATION_COMMENTS = YES;
				CLANG_WARN_EMPTY_BODY = YES;
				CLANG_WARN_ENUM_CONVERSION = YES;
				CLANG_WARN_INFINITE_RECURSION = YES;
				CLANG_WARN_INT_CONVERSION = YES;
				CLANG_WARN_OBJC_ROOT_CLASS = YES_ERROR;
				CLANG_WARN_SUSPICIOUS_MOVE = YES;
				CLANG_WARN_UNREACHABLE_CODE = YES;
				CLANG_WARN__DUPLICATE_METHOD_MATCH = YES;
				"CODE_SIGN_IDENTITY[sdk=iphoneos*]" = "iPhone Developer";
				COPY_PHASE_STRIP = NO;
				DEBUG_INFORMATION_FORMAT = "dwarf-with-dsym";
				ENABLE_NS_ASSERTIONS = NO;
				ENABLE_STRICT_OBJC_MSGSEND = YES;
				GCC_C_LANGUAGE_STANDARD = gnu99;
				GCC_NO_COMMON_BLOCKS = YES;
				GCC_WARN_64_TO_32_BIT_CONVERSION = YES;
				GCC_WARN_ABOUT_RETURN_TYPE = YES_ERROR;
				GCC_WARN_UNDECLARED_SELECTOR = YES;
				GCC_WARN_UNINITIALIZED_AUTOS = YES_AGGRESSIVE;
				GCC_WARN_UNUSED_FUNCTION = YES;
				GCC_WARN_UNUSED_VARIABLE = YES;
				IPHONEOS_DEPLOYMENT_TARGET = 10.3;
				MTL_ENABLE_DEBUG_INFO = NO;
				SDKROOT = iphoneos;
				SWIFT_OPTIMIZATION_LEVEL = "-Owholemodule";
				VALIDATE_PRODUCT = YES;
			};
			name = Release;
		};
		8138521D1EFB1391005A26C8 /* Debug */ = {
			isa = XCBuildConfiguration;
			baseConfigurationReference = 7B0B73B64E8EC6CB70D74371 /* Pods-Flix.debug.xcconfig */;
			buildSettings = {
				ASSETCATALOG_COMPILER_APPICON_NAME = AppIcon;
				INFOPLIST_FILE = Flix/Info.plist;
				LD_RUNPATH_SEARCH_PATHS = "$(inherited) @executable_path/Frameworks";
				PRODUCT_BUNDLE_IDENTIFIER = com.audrey.Flix;
				PRODUCT_NAME = "$(TARGET_NAME)";
				SWIFT_VERSION = 3.0;
			};
			name = Debug;
		};
		8138521E1EFB1391005A26C8 /* Release */ = {
			isa = XCBuildConfiguration;
			baseConfigurationReference = E170DF358C4E54E45341992A /* Pods-Flix.release.xcconfig */;
			buildSettings = {
				ASSETCATALOG_COMPILER_APPICON_NAME = AppIcon;
				INFOPLIST_FILE = Flix/Info.plist;
				LD_RUNPATH_SEARCH_PATHS = "$(inherited) @executable_path/Frameworks";
				PRODUCT_BUNDLE_IDENTIFIER = com.audrey.Flix;
				PRODUCT_NAME = "$(TARGET_NAME)";
				SWIFT_VERSION = 3.0;
			};
			name = Release;
		};
		813852201EFB1391005A26C8 /* Debug */ = {
			isa = XCBuildConfiguration;
			baseConfigurationReference = BAD8140DA5440BDDA7B2DEC1 /* Pods-FlixTests.debug.xcconfig */;
			buildSettings = {
				ALWAYS_EMBED_SWIFT_STANDARD_LIBRARIES = YES;
				BUNDLE_LOADER = "$(TEST_HOST)";
				INFOPLIST_FILE = FlixTests/Info.plist;
				LD_RUNPATH_SEARCH_PATHS = "$(inherited) @executable_path/Frameworks @loader_path/Frameworks";
				PRODUCT_BUNDLE_IDENTIFIER = com.audrey.FlixTests;
				PRODUCT_NAME = "$(TARGET_NAME)";
				SWIFT_VERSION = 3.0;
				TEST_HOST = "$(BUILT_PRODUCTS_DIR)/Flix.app/Flix";
			};
			name = Debug;
		};
		813852211EFB1391005A26C8 /* Release */ = {
			isa = XCBuildConfiguration;
			baseConfigurationReference = 6B886BFBFA01EB227182F0AE /* Pods-FlixTests.release.xcconfig */;
			buildSettings = {
				ALWAYS_EMBED_SWIFT_STANDARD_LIBRARIES = YES;
				BUNDLE_LOADER = "$(TEST_HOST)";
				INFOPLIST_FILE = FlixTests/Info.plist;
				LD_RUNPATH_SEARCH_PATHS = "$(inherited) @executable_path/Frameworks @loader_path/Frameworks";
				PRODUCT_BUNDLE_IDENTIFIER = com.audrey.FlixTests;
				PRODUCT_NAME = "$(TARGET_NAME)";
				SWIFT_VERSION = 3.0;
				TEST_HOST = "$(BUILT_PRODUCTS_DIR)/Flix.app/Flix";
			};
			name = Release;
		};
		813852231EFB1391005A26C8 /* Debug */ = {
			isa = XCBuildConfiguration;
			baseConfigurationReference = 42CB1FC63EC0FB41B7E5274A /* Pods-FlixUITests.debug.xcconfig */;
			buildSettings = {
				ALWAYS_EMBED_SWIFT_STANDARD_LIBRARIES = YES;
				INFOPLIST_FILE = FlixUITests/Info.plist;
				LD_RUNPATH_SEARCH_PATHS = "$(inherited) @executable_path/Frameworks @loader_path/Frameworks";
				PRODUCT_BUNDLE_IDENTIFIER = com.audrey.FlixUITests;
				PRODUCT_NAME = "$(TARGET_NAME)";
				SWIFT_VERSION = 3.0;
				TEST_TARGET_NAME = Flix;
			};
			name = Debug;
		};
		813852241EFB1391005A26C8 /* Release */ = {
			isa = XCBuildConfiguration;
			baseConfigurationReference = F2B81B70F0DA51FE2F386045 /* Pods-FlixUITests.release.xcconfig */;
			buildSettings = {
				ALWAYS_EMBED_SWIFT_STANDARD_LIBRARIES = YES;
				INFOPLIST_FILE = FlixUITests/Info.plist;
				LD_RUNPATH_SEARCH_PATHS = "$(inherited) @executable_path/Frameworks @loader_path/Frameworks";
				PRODUCT_BUNDLE_IDENTIFIER = com.audrey.FlixUITests;
				PRODUCT_NAME = "$(TARGET_NAME)";
				SWIFT_VERSION = 3.0;
				TEST_TARGET_NAME = Flix;
			};
			name = Release;
		};
/* End XCBuildConfiguration section */

/* Begin XCConfigurationList section */
		813851EF1EFB1391005A26C8 /* Build configuration list for PBXProject "Flix" */ = {
			isa = XCConfigurationList;
			buildConfigurations = (
				8138521A1EFB1391005A26C8 /* Debug */,
				8138521B1EFB1391005A26C8 /* Release */,
			);
			defaultConfigurationIsVisible = 0;
			defaultConfigurationName = Release;
		};
		8138521C1EFB1391005A26C8 /* Build configuration list for PBXNativeTarget "Flix" */ = {
			isa = XCConfigurationList;
			buildConfigurations = (
				8138521D1EFB1391005A26C8 /* Debug */,
				8138521E1EFB1391005A26C8 /* Release */,
			);
			defaultConfigurationIsVisible = 0;
		};
		8138521F1EFB1391005A26C8 /* Build configuration list for PBXNativeTarget "FlixTests" */ = {
			isa = XCConfigurationList;
			buildConfigurations = (
				813852201EFB1391005A26C8 /* Debug */,
				813852211EFB1391005A26C8 /* Release */,
			);
			defaultConfigurationIsVisible = 0;
		};
		813852221EFB1391005A26C8 /* Build configuration list for PBXNativeTarget "FlixUITests" */ = {
			isa = XCConfigurationList;
			buildConfigurations = (
				813852231EFB1391005A26C8 /* Debug */,
				813852241EFB1391005A26C8 /* Release */,
			);
			defaultConfigurationIsVisible = 0;
		};
/* End XCConfigurationList section */
	};
	rootObject = 813851EC1EFB1391005A26C8 /* Project object */;
}
